
Microsoft Visual Studio Solution File, Format Version 12.00
# Visual Studio Version 17
VisualStudioVersion = 17.7.34221.43
MinimumVisualStudioVersion = 10.0.40219.1
Project("{FAE04EC0-301F-11D3-BF4B-00C04F79EFBC}") = "StoreTests", "StoreTests\StoreTests.csproj", "{EB57F588-AC20-47AA-A89B-60B5D9FFBF60}"
EndProject
Global
	GlobalSection(SolutionConfigurationPlatforms) = preSolution
		Debug|Any CPU = Debug|Any CPU
		Release|Any CPU = Release|Any CPU
	EndGlobalSection
	GlobalSection(ProjectConfigurationPlatforms) = postSolution
		{EB57F588-AC20-47AA-A89B-60B5D9FFBF60}.Debug|Any CPU.ActiveCfg = Debug|Any CPU
		{EB57F588-AC20-47AA-A89B-60B5D9FFBF60}.Debug|Any CPU.Build.0 = Debug|Any CPU
		{EB57F588-AC20-47AA-A89B-60B5D9FFBF60}.Release|Any CPU.ActiveCfg = Release|Any CPU
		{EB57F588-AC20-47AA-A89B-60B5D9FFBF60}.Release|Any CPU.Build.0 = Release|Any CPU
	EndGlobalSection
	GlobalSection(SolutionProperties) = preSolution
		HideSolutionNode = FALSE
	EndGlobalSection
	GlobalSection(ExtensibilityGlobals) = postSolution
		SolutionGuid = {4E2C24A7-C261-4F64-95E3-50D5FE15DB5C}
	EndGlobalSection
EndGlobal
